
Microsoft Visual Studio Solution File, Format Version 12.00
# Visual Studio 2012
VisualStudioVersion = 12.0.30723.0
MinimumVisualStudioVersion = 10.0.40219.1
Project("{FAE04EC0-301F-11D3-BF4B-00C04F79EFBC}") = "SambaClient", "SambaClient\SambaClient.csproj", "{5C632706-225D-42AC-87D0-68F28D9FC5C4}"
EndProject
Project("{FAE04EC0-301F-11D3-BF4B-00C04F79EFBC}") = "SambaClientTests", "SambaClientTests\SambaClientTests.csproj", "{486B8932-7674-419E-9BFC-D7C48D3031E3}"
EndProject
Global
	GlobalSection(SolutionConfigurationPlatforms) = preSolution
		Debug|Any CPU = Debug|Any CPU
		Release|Any CPU = Release|Any CPU
	EndGlobalSection
	GlobalSection(ProjectConfigurationPlatforms) = postSolution
		{486B8932-7674-419E-9BFC-D7C48D3031E3}.Debug|Any CPU.ActiveCfg = Debug|Any CPU
		{486B8932-7674-419E-9BFC-D7C48D3031E3}.Debug|Any CPU.Build.0 = Debug|Any CPU
		{486B8932-7674-419E-9BFC-D7C48D3031E3}.Release|Any CPU.ActiveCfg = Release|Any CPU
		{486B8932-7674-419E-9BFC-D7C48D3031E3}.Release|Any CPU.Build.0 = Release|Any CPU
		{5C632706-225D-42AC-87D0-68F28D9FC5C4}.Debug|Any CPU.ActiveCfg = Debug|Any CPU
		{5C632706-225D-42AC-87D0-68F28D9FC5C4}.Debug|Any CPU.Build.0 = Debug|Any CPU
		{5C632706-225D-42AC-87D0-68F28D9FC5C4}.Release|Any CPU.ActiveCfg = Release|Any CPU
		{5C632706-225D-42AC-87D0-68F28D9FC5C4}.Release|Any CPU.Build.0 = Release|Any CPU
	EndGlobalSection
	GlobalSection(MonoDevelopProperties) = preSolution
		StartupItem = SambaClient\SambaClient.csproj
		version = 2.0
	EndGlobalSection
	GlobalSection(SolutionProperties) = preSolution
		HideSolutionNode = FALSE
	EndGlobalSection
EndGlobal
